{
  "name": "@jpbnetley/test-npx",
  "version": "0.0.0",
  "lockfileVersion": 2,
  "requires": true,
  "packages": {
    "": {
      "name": "@jpbnetley/test-npx",
      "version": "0.0.0",
      "license": "ISC",
      "bin": {
        "test-npx": "npm run testExec",
        "testExec": "bin/cliTest.js"
      }
    }
  }
}
